
Microsoft Visual Studio Solution File, Format Version 12.00
# Visual Studio 14
VisualStudioVersion = 14.0.23107.0
MinimumVisualStudioVersion = 10.0.40219.1
Project("{FAE04EC0-301F-11D3-BF4B-00C04F79EFBC}") = "day_1_ex_1", "day_1_ex_1\day_1_ex_1.csproj", "{6AA14E76-E341-4ED5-B078-7E6430A66003}"
EndProject
Project("{FAE04EC0-301F-11D3-BF4B-00C04F79EFBC}") = "day_1_ex_2", "day_1_ex_2\day_1_ex_2.csproj", "{AD252F7C-A45D-4280-A501-196E61D1AD67}"
EndProject
Project("{FAE04EC0-301F-11D3-BF4B-00C04F79EFBC}") = "day_2_ex_1", "day_2_ex_1\day_2_ex_1.csproj", "{C805E52E-257E-40AF-A5B6-FD673185AB27}"
EndProject
Project("{FAE04EC0-301F-11D3-BF4B-00C04F79EFBC}") = "Day_3_ex_1", "Day_3_ex_1\Day_3_ex_1.csproj", "{9367062C-36B3-4BA4-B588-EEB3480599A3}"
EndProject
Project("{FAE04EC0-301F-11D3-BF4B-00C04F79EFBC}") = "Day_4", "Day_4\Day_4.csproj", "{FC10D582-B362-44DC-ABCE-EEFEC3B3C5B7}"
EndProject
Global
	GlobalSection(SolutionConfigurationPlatforms) = preSolution
		Debug|Any CPU = Debug|Any CPU
		Release|Any CPU = Release|Any CPU
	EndGlobalSection
	GlobalSection(ProjectConfigurationPlatforms) = postSolution
		{6AA14E76-E341-4ED5-B078-7E6430A66003}.Debug|Any CPU.ActiveCfg = Debug|Any CPU
		{6AA14E76-E341-4ED5-B078-7E6430A66003}.Debug|Any CPU.Build.0 = Debug|Any CPU
		{6AA14E76-E341-4ED5-B078-7E6430A66003}.Release|Any CPU.ActiveCfg = Release|Any CPU
		{6AA14E76-E341-4ED5-B078-7E6430A66003}.Release|Any CPU.Build.0 = Release|Any CPU
		{AD252F7C-A45D-4280-A501-196E61D1AD67}.Debug|Any CPU.ActiveCfg = Debug|Any CPU
		{AD252F7C-A45D-4280-A501-196E61D1AD67}.Debug|Any CPU.Build.0 = Debug|Any CPU
		{AD252F7C-A45D-4280-A501-196E61D1AD67}.Release|Any CPU.ActiveCfg = Release|Any CPU
		{AD252F7C-A45D-4280-A501-196E61D1AD67}.Release|Any CPU.Build.0 = Release|Any CPU
		{C805E52E-257E-40AF-A5B6-FD673185AB27}.Debug|Any CPU.ActiveCfg = Debug|Any CPU
		{C805E52E-257E-40AF-A5B6-FD673185AB27}.Debug|Any CPU.Build.0 = Debug|Any CPU
		{C805E52E-257E-40AF-A5B6-FD673185AB27}.Release|Any CPU.ActiveCfg = Release|Any CPU
		{C805E52E-257E-40AF-A5B6-FD673185AB27}.Release|Any CPU.Build.0 = Release|Any CPU
		{9367062C-36B3-4BA4-B588-EEB3480599A3}.Debug|Any CPU.ActiveCfg = Debug|Any CPU
		{9367062C-36B3-4BA4-B588-EEB3480599A3}.Debug|Any CPU.Build.0 = Debug|Any CPU
		{9367062C-36B3-4BA4-B588-EEB3480599A3}.Release|Any CPU.ActiveCfg = Release|Any CPU
		{9367062C-36B3-4BA4-B588-EEB3480599A3}.Release|Any CPU.Build.0 = Release|Any CPU
		{FC10D582-B362-44DC-ABCE-EEFEC3B3C5B7}.Debug|Any CPU.ActiveCfg = Debug|Any CPU
		{FC10D582-B362-44DC-ABCE-EEFEC3B3C5B7}.Debug|Any CPU.Build.0 = Debug|Any CPU
		{FC10D582-B362-44DC-ABCE-EEFEC3B3C5B7}.Release|Any CPU.ActiveCfg = Release|Any CPU
		{FC10D582-B362-44DC-ABCE-EEFEC3B3C5B7}.Release|Any CPU.Build.0 = Release|Any CPU
	EndGlobalSection
	GlobalSection(SolutionProperties) = preSolution
		HideSolutionNode = FALSE
	EndGlobalSection
EndGlobal
